<?xml version="1.0" encoding="UTF-8" standalone="yes" ?>
<CodeBlocks_project_file>
	<FileVersion major="1" minor="6" />
	<Project>
		<Option title="grapic_win" />
		<Option pch_mode="2" />
		<Option compiler="gcc" />
		<Build>
			<Target title="myprog">
				<Option output="bin/myprog" prefix_auto="1" extension_auto="1" />
				<Option object_output="obj/" />
				<Option type="1" />
				<Option compiler="gcc" />
				<Option use_console_runner="0" />
				<Compiler>
					<Add option="-Wall" />
				</Compiler>
			</Target>
			<Target title="demo">
				<Option output="bin/demo" prefix_auto="1" extension_auto="1" />
				<Option object_output="obj/" />
				<Option type="1" />
				<Option compiler="gcc" />
				<Option use_console_runner="0" />
				<Compiler>
					<Add option="-Wall" />
				</Compiler>
			</Target>
			<Target title="minesweeper">
				<Option output="bin/minesweeper" prefix_auto="1" extension_auto="1" />
				<Option object_output="obj/" />
				<Option type="1" />
				<Option compiler="gcc" />
				<Option use_console_runner="0" />
			</Target>
			<Target title="checkers">
				<Option output="bin/dame" prefix_auto="1" extension_auto="1" />
				<Option object_output="obj/" />
				<Option type="1" />
				<Option compiler="gcc" />
				<Option use_console_runner="0" />
			</Target>
			<Target title="tetris">
				<Option output="bin/tetris" prefix_auto="1" extension_auto="1" />
				<Option object_output="obj/" />
				<Option type="1" />
				<Option compiler="gcc" />
				<Option use_console_runner="0" />
			</Target>
			<Target title="particles">
				<Option output="bin/particles" prefix_auto="1" extension_auto="1" />
				<Option object_output="obj/" />
				<Option type="1" />
				<Option compiler="gcc" />
				<Option use_console_runner="0" />
			</Target>
			<Target title="fluid">
				<Option output="bin/fluid" prefix_auto="1" extension_auto="1" />
				<Option object_output="obj/" />
				<Option type="1" />
				<Option compiler="gcc" />
				<Option use_console_runner="0" />
			</Target>
			<Target title="pacman">
				<Option output="bin/pacman" prefix_auto="1" extension_auto="1" />
				<Option object_output="obj/" />
				<Option type="1" />
				<Option compiler="gcc" />
				<Option use_console_runner="0" />
			</Target>
			<Target title="simpleDrawing">
				<Option output="bin/simpleDrawing" prefix_auto="1" extension_auto="1" />
				<Option object_output="obj/" />
				<Option type="1" />
				<Option compiler="gcc" />
				<Option use_console_runner="0" />
				<Compiler>
					<Add option="-Wall" />
				</Compiler>
			</Target>
		</Build>
		<VirtualTargets>
			<Add alias="all" targets="myprog;demo;minesweeper;checkers;tetris;fluid;particles;" />
		</VirtualTargets>
		<Compiler>
			<Add option="-Wextra" />
			<Add option="-Wall" />
			<Add option="-std=c++11" />
			<Add option="-g" />
			<Add directory="src" />
			<Add directory="extern/SDL2_mingw/SDL2-2.0.3/include/SDL2" />
			<Add directory="extern/SDL2_mingw/SDL2_ttf-2.0.12/i686-w64-mingw32/include/SDL2" />
			<Add directory="extern/SDL2_mingw/SDL2_image-2.0.0/i686-w64-mingw32/include/SDL2" />
		</Compiler>
		<Linker>
			<Add library="extern/SDL2_mingw/libmingw32.a" />
			<Add library="extern/SDL2_mingw/SDL2-2.0.3/i686-w64-mingw32/lib/libSDL2main.a" />
			<Add library="extern/SDL2_mingw/SDL2-2.0.3/i686-w64-mingw32/lib/libSDL2.dll.a" />
			<Add library="extern/SDL2_mingw/SDL2_ttf-2.0.12/i686-w64-mingw32/lib/libSDL2_ttf.dll.a" />
			<Add library="extern/SDL2_mingw/SDL2_image-2.0.0/i686-w64-mingw32/lib/libSDL2_image.dll.a" />
		</Linker>
		<Unit filename="apps/checkers/main_checkers.cpp">
			<Option target="checkers" />
		</Unit>
		<Unit filename="apps/demo/main_demo.cpp">
			<Option target="demo" />
		</Unit>
		<Unit filename="apps/fluid/main_fluid.cpp">
			<Option target="fluid" />
		</Unit>
		<Unit filename="apps/minesweeper/main_minesweeper.cpp">
			<Option target="minesweeper" />
		</Unit>
		<Unit filename="apps/myprog/main_myprog.cpp">
			<Option target="myprog" />
		</Unit>
		<Unit filename="apps/pacman/Jeu.cpp">
			<Option target="pacman" />
		</Unit>
		<Unit filename="apps/pacman/Jeu.h">
			<Option target="pacman" />
		</Unit>
		<Unit filename="apps/pacman/Pacman.cpp">
			<Option target="pacman" />
		</Unit>
		<Unit filename="apps/pacman/Pacman.h">
			<Option target="pacman" />
		</Unit>
		<Unit filename="apps/pacman/Terrain.cpp">
			<Option target="pacman" />
		</Unit>
		<Unit filename="apps/pacman/Terrain.h">
			<Option target="pacman" />
		</Unit>
		<Unit filename="apps/pacman/main_pacman.cpp">
			<Option target="pacman" />
		</Unit>
		<Unit filename="apps/particles/main_particles.cpp">
			<Option target="particles" />
		</Unit>
		<Unit filename="apps/simpleDrawing/main_simpleDrawing.cpp">
			<Option target="simpleDrawing" />
		</Unit>
		<Unit filename="apps/tetris/main_tetris.cpp">
			<Option target="tetris" />
		</Unit>
		<Unit filename="include/createFile.hpp">
			<Option target="myprog" />
		</Unit>
		<Unit filename="include/formule.hpp">
			<Option target="myprog" />
		</Unit>
		<Unit filename="include/pavage.hpp">
			<Option target="myprog" />
		</Unit>
		<Unit filename="include/point.hpp">
			<Option target="myprog" />
		</Unit>
		<Unit filename="include/reader.hpp">
			<Option target="myprog" />
		</Unit>
		<Unit filename="include/simplexe.hpp">
			<Option target="myprog" />
		</Unit>
		<Unit filename="src/Grapic.cpp" />
		<Unit filename="src/Grapic.h" />
		<Unit filename="src/Grapic_func.cpp" />
		<Unit filename="src/Grapic_func.h" />
		<Unit filename="tools/createFile.cpp">
			<Option target="myprog" />
		</Unit>
		<Unit filename="tools/formule.cpp">
			<Option target="myprog" />
		</Unit>
		<Unit filename="tools/reader.cpp">
			<Option target="myprog" />
		</Unit>
		<Extensions>
			<code_completion />
			<envvars />
			<debugger />
		</Extensions>
	</Project>
</CodeBlocks_project_file>
